
Microsoft Visual Studio Solution File, Format Version 12.00
# Visual Studio Version 17
VisualStudioVersion = 17.11.35431.28
MinimumVisualStudioVersion = 10.0.40219.1
Project("{FAE04EC0-301F-11D3-BF4B-00C04F79EFBC}") = "aoc2024", "aoc2024.csproj", "{E8687A04-4D8C-4BD2-B9D4-599C0D40C2CA}"
EndProject
Global
	GlobalSection(SolutionConfigurationPlatforms) = preSolution
		Debug|Any CPU = Debug|Any CPU
		Release|Any CPU = Release|Any CPU
	EndGlobalSection
	GlobalSection(ProjectConfigurationPlatforms) = postSolution
		{E8687A04-4D8C-4BD2-B9D4-599C0D40C2CA}.Debug|Any CPU.ActiveCfg = Debug|Any CPU
		{E8687A04-4D8C-4BD2-B9D4-599C0D40C2CA}.Debug|Any CPU.Build.0 = Debug|Any CPU
		{E8687A04-4D8C-4BD2-B9D4-599C0D40C2CA}.Release|Any CPU.ActiveCfg = Release|Any CPU
		{E8687A04-4D8C-4BD2-B9D4-599C0D40C2CA}.Release|Any CPU.Build.0 = Release|Any CPU
	EndGlobalSection
	GlobalSection(SolutionProperties) = preSolution
		HideSolutionNode = FALSE
	EndGlobalSection
	GlobalSection(ExtensibilityGlobals) = postSolution
		SolutionGuid = {0F1FB5E9-7C68-459D-B63E-82D06FB1D840}
	EndGlobalSection
EndGlobal
